
Microsoft Visual Studio Solution File, Format Version 12.00
# Visual Studio Version 16
VisualStudioVersion = 16.0.31702.278
MinimumVisualStudioVersion = 10.0.40219.1
Project("{9A19103F-16F7-4668-BE54-9A1E7A4F7556}") = "netcore-lib", "netcore-lib\netcore-lib.csproj", "{27274EF5-E606-4D98-98C0-8214B80FC267}"
EndProject
Project("{9A19103F-16F7-4668-BE54-9A1E7A4F7556}") = "netcore-integration-test", "netcore-integration-test\netcore-integration-test.csproj", "{1FB30EB0-1121-4E9D-AAB9-6ABF88378219}"
EndProject
Project("{9A19103F-16F7-4668-BE54-9A1E7A4F7556}") = "asp-netcore-session-sample", "asp-netcore-session-sample\asp-netcore-session-sample.csproj", "{94BC7C9E-1967-4E87-983A-FECD32F7DDE2}"
EndProject
Project("{9A19103F-16F7-4668-BE54-9A1E7A4F7556}") = "netcore-session", "netcore-session\netcore-session.csproj", "{72C7BDE7-F933-464A-A5E7-F024D73CD8F1}"
EndProject
Project("{9A19103F-16F7-4668-BE54-9A1E7A4F7556}") = "netcore-session-integration-test", "netcore-session-integration-test\netcore-session-integration-test.csproj", "{8C06FA0E-A460-442B-978D-C0195259893F}"
EndProject
Global
	GlobalSection(SolutionConfigurationPlatforms) = preSolution
		Debug|x64 = Debug|x64
		RelWithDebInfo|x64 = RelWithDebInfo|x64
	EndGlobalSection
	GlobalSection(ProjectConfigurationPlatforms) = postSolution
		{27274EF5-E606-4D98-98C0-8214B80FC267}.Debug|x64.ActiveCfg = Debug|x64
		{27274EF5-E606-4D98-98C0-8214B80FC267}.Debug|x64.Build.0 = Debug|x64
		{27274EF5-E606-4D98-98C0-8214B80FC267}.RelWithDebInfo|x64.ActiveCfg = RelWithDebInfo|x64
		{27274EF5-E606-4D98-98C0-8214B80FC267}.RelWithDebInfo|x64.Build.0 = RelWithDebInfo|x64
		{1FB30EB0-1121-4E9D-AAB9-6ABF88378219}.Debug|x64.ActiveCfg = Debug|x64
		{1FB30EB0-1121-4E9D-AAB9-6ABF88378219}.Debug|x64.Build.0 = Debug|x64
		{1FB30EB0-1121-4E9D-AAB9-6ABF88378219}.RelWithDebInfo|x64.ActiveCfg = RelWithDebInfo|x64
		{1FB30EB0-1121-4E9D-AAB9-6ABF88378219}.RelWithDebInfo|x64.Build.0 = RelWithDebInfo|x64
		{94BC7C9E-1967-4E87-983A-FECD32F7DDE2}.Debug|x64.ActiveCfg = Debug|x64
		{94BC7C9E-1967-4E87-983A-FECD32F7DDE2}.Debug|x64.Build.0 = Debug|x64
		{94BC7C9E-1967-4E87-983A-FECD32F7DDE2}.RelWithDebInfo|x64.ActiveCfg = RelWithDebInfo|x64
		{94BC7C9E-1967-4E87-983A-FECD32F7DDE2}.RelWithDebInfo|x64.Build.0 = RelWithDebInfo|x64
		{72C7BDE7-F933-464A-A5E7-F024D73CD8F1}.Debug|x64.ActiveCfg = Debug|x64
		{72C7BDE7-F933-464A-A5E7-F024D73CD8F1}.Debug|x64.Build.0 = Debug|x64
		{72C7BDE7-F933-464A-A5E7-F024D73CD8F1}.RelWithDebInfo|x64.ActiveCfg = RelWithDebInfo|x64
		{72C7BDE7-F933-464A-A5E7-F024D73CD8F1}.RelWithDebInfo|x64.Build.0 = RelWithDebInfo|x64
		{8C06FA0E-A460-442B-978D-C0195259893F}.Debug|x64.ActiveCfg = Debug|x64
		{8C06FA0E-A460-442B-978D-C0195259893F}.Debug|x64.Build.0 = Debug|x64
		{8C06FA0E-A460-442B-978D-C0195259893F}.RelWithDebInfo|x64.ActiveCfg = RelWithDebInfo|x64
		{8C06FA0E-A460-442B-978D-C0195259893F}.RelWithDebInfo|x64.Build.0 = RelWithDebInfo|x64
	EndGlobalSection
	GlobalSection(SolutionProperties) = preSolution
		HideSolutionNode = FALSE
	EndGlobalSection
	GlobalSection(ExtensibilityGlobals) = postSolution
		SolutionGuid = {1C2B71F0-E68A-43D1-9AA1-6A1CEE82C993}
	EndGlobalSection
EndGlobal
